
Microsoft Visual Studio Solution File, Format Version 12.00
# Visual Studio 15
VisualStudioVersion = 15.0.28307.438
MinimumVisualStudioVersion = 10.0.40219.1
Project("{FAE04EC0-301F-11D3-BF4B-00C04F79EFBC}") = "Zapappi2RestCommProxy", "Zapappi2RestCommProxy\Zapappi2RestCommProxy.csproj", "{9B125C89-DCD1-467D-9769-3BEFE5A1C3D2}"
EndProject
Global
	GlobalSection(SolutionConfigurationPlatforms) = preSolution
		Debug|Any CPU = Debug|Any CPU
		Release|Any CPU = Release|Any CPU
	EndGlobalSection
	GlobalSection(ProjectConfigurationPlatforms) = postSolution
		{9B125C89-DCD1-467D-9769-3BEFE5A1C3D2}.Debug|Any CPU.ActiveCfg = Debug|Any CPU
		{9B125C89-DCD1-467D-9769-3BEFE5A1C3D2}.Debug|Any CPU.Build.0 = Debug|Any CPU
		{9B125C89-DCD1-467D-9769-3BEFE5A1C3D2}.Release|Any CPU.ActiveCfg = Release|Any CPU
		{9B125C89-DCD1-467D-9769-3BEFE5A1C3D2}.Release|Any CPU.Build.0 = Release|Any CPU
	EndGlobalSection
	GlobalSection(SolutionProperties) = preSolution
		HideSolutionNode = FALSE
	EndGlobalSection
	GlobalSection(ExtensibilityGlobals) = postSolution
		SolutionGuid = {56A3B710-389A-4C8A-85B4-917E2D0DEEAE}
	EndGlobalSection
EndGlobal
